// !$*UTF8*$!
{
	archiveVersion = 1;
	classes = {
	};
	objectVersion = 77;
	objects = {

/* Begin PBXBuildFile section */
		3F510E002E10294A00B12466 /* AnchorKit in Frameworks */ = {isa = PBXBuildFile; productRef = 3F510DFF2E10294A00B12466 /* AnchorKit */; };
/* End PBXBuildFile section */

/* Begin PBXContainerItemProxy section */
		3F77C5022E0EC17200CC0D38 /* PBXContainerItemProxy */ = {
			isa = PBXContainerItemProxy;
			containerPortal = 3F697D5E2DECDAF900AC7ACC /* Project object */;
			proxyType = 1;
			remoteGlobalIDString = 3F77C4F22E0EC17000CC0D38;
			remoteInfo = AnchorMobile;
		};
		3F77C50C2E0EC17200CC0D38 /* PBXContainerItemProxy */ = {
			isa = PBXContainerItemProxy;
			containerPortal = 3F697D5E2DECDAF900AC7ACC /* Project object */;
			proxyType = 1;
			remoteGlobalIDString = 3F77C4F22E0EC17000CC0D38;
			remoteInfo = AnchorMobile;
		};
/* End PBXContainerItemProxy section */

/* Begin PBXFileReference section */
		3F77C4F32E0EC17000CC0D38 /* AnchorMobile.app */ = {isa = PBXFileReference; explicitFileType = wrapper.application; includeInIndex = 0; path = AnchorMobile.app; sourceTree = BUILT_PRODUCTS_DIR; };
		3F77C5012E0EC17200CC0D38 /* AnchorMobileTests.xctest */ = {isa = PBXFileReference; explicitFileType = wrapper.cfbundle; includeInIndex = 0; path = AnchorMobileTests.xctest; sourceTree = BUILT_PRODUCTS_DIR; };
		3F77C50B2E0EC17200CC0D38 /* AnchorMobileUITests.xctest */ = {isa = PBXFileReference; explicitFileType = wrapper.cfbundle; includeInIndex = 0; path = AnchorMobileUITests.xctest; sourceTree = BUILT_PRODUCTS_DIR; };
		3F7AB96A2E180B25005806FB /* AnchorMobile.xctestplan */ = {isa = PBXFileReference; lastKnownFileType = text; path = AnchorMobile.xctestplan; sourceTree = "<group>"; };
		3F9C6F422DECDC11009A1F50 /* AnchorKit */ = {isa = PBXFileReference; lastKnownFileType = wrapper; path = AnchorKit; sourceTree = "<group>"; };
/* End PBXFileReference section */

/* Begin PBXFileSystemSynchronizedRootGroup section */
		3F77C4F42E0EC17000CC0D38 /* AnchorMobile */ = {
			isa = PBXFileSystemSynchronizedRootGroup;
			path = AnchorMobile;
			sourceTree = "<group>";
		};
		3F77C5042E0EC17200CC0D38 /* AnchorMobileTests */ = {
			isa = PBXFileSystemSynchronizedRootGroup;
			path = AnchorMobileTests;
			sourceTree = "<group>";
		};
		3F77C50E2E0EC17200CC0D38 /* AnchorMobileUITests */ = {
			isa = PBXFileSystemSynchronizedRootGroup;
			path = AnchorMobileUITests;
			sourceTree = "<group>";
		};
/* End PBXFileSystemSynchronizedRootGroup section */

/* Begin PBXFrameworksBuildPhase section */
		3F77C4F02E0EC17000CC0D38 /* Frameworks */ = {
			isa = PBXFrameworksBuildPhase;
			buildActionMask = 2147483647;
			files = (
				3F510E002E10294A00B12466 /* AnchorKit in Frameworks */,
			);
			runOnlyForDeploymentPostprocessing = 0;
		};
		3F77C4FE2E0EC17200CC0D38 /* Frameworks */ = {
			isa = PBXFrameworksBuildPhase;
			buildActionMask = 2147483647;
			files = (
			);
			runOnlyForDeploymentPostprocessing = 0;
		};
		3F77C5082E0EC17200CC0D38 /* Frameworks */ = {
			isa = PBXFrameworksBuildPhase;
			buildActionMask = 2147483647;
			files = (
			);
			runOnlyForDeploymentPostprocessing = 0;
		};
/* End PBXFrameworksBuildPhase section */

/* Begin PBXGroup section */
		3F510DFC2E10293E00B12466 /* Frameworks */ = {
			isa = PBXGroup;
			children = (
			);
			name = Frameworks;
			sourceTree = "<group>";
		};
		3F697D5D2DECDAF900AC7ACC = {
			isa = PBXGroup;
			children = (
				3F7AB96A2E180B25005806FB /* AnchorMobile.xctestplan */,
				3F77C4F42E0EC17000CC0D38 /* AnchorMobile */,
				3F77C5042E0EC17200CC0D38 /* AnchorMobileTests */,
				3F77C50E2E0EC17200CC0D38 /* AnchorMobileUITests */,
				3F697D672DECDAF900AC7ACC /* Products */,
				3F9C6F422DECDC11009A1F50 /* AnchorKit */,
				3F510DFC2E10293E00B12466 /* Frameworks */,
			);
			sourceTree = "<group>";
		};
		3F697D672DECDAF900AC7ACC /* Products */ = {
			isa = PBXGroup;
			children = (
				3F77C4F32E0EC17000CC0D38 /* AnchorMobile.app */,
				3F77C5012E0EC17200CC0D38 /* AnchorMobileTests.xctest */,
				3F77C50B2E0EC17200CC0D38 /* AnchorMobileUITests.xctest */,
			);
			name = Products;
			sourceTree = "<group>";
		};
/* End PBXGroup section */

/* Begin PBXNativeTarget section */
		3F77C4F22E0EC17000CC0D38 /* AnchorMobile */ = {
			isa = PBXNativeTarget;
			buildConfigurationList = 3F77C5192E0EC17200CC0D38 /* Build configuration list for PBXNativeTarget "AnchorMobile" */;
			buildPhases = (
				3F77C4EF2E0EC17000CC0D38 /* Sources */,
				3F77C4F02E0EC17000CC0D38 /* Frameworks */,
				3F77C4F12E0EC17000CC0D38 /* Resources */,
			);
			buildRules = (
			);
			dependencies = (
			);
			fileSystemSynchronizedGroups = (
				3F77C4F42E0EC17000CC0D38 /* AnchorMobile */,
			);
			name = AnchorMobile;
			packageProductDependencies = (
				3F510DFF2E10294A00B12466 /* AnchorKit */,
			);
			productName = AnchorMobile;
			productReference = 3F77C4F32E0EC17000CC0D38 /* AnchorMobile.app */;
			productType = "com.apple.product-type.application";
		};
		3F77C5002E0EC17200CC0D38 /* AnchorMobileTests */ = {
			isa = PBXNativeTarget;
			buildConfigurationList = 3F77C51A2E0EC17200CC0D38 /* Build configuration list for PBXNativeTarget "AnchorMobileTests" */;
			buildPhases = (
				3F77C4FD2E0EC17200CC0D38 /* Sources */,
				3F77C4FE2E0EC17200CC0D38 /* Frameworks */,
				3F77C4FF2E0EC17200CC0D38 /* Resources */,
			);
			buildRules = (
			);
			dependencies = (
				3F77C5032E0EC17200CC0D38 /* PBXTargetDependency */,
			);
			fileSystemSynchronizedGroups = (
				3F77C5042E0EC17200CC0D38 /* AnchorMobileTests */,
			);
			name = AnchorMobileTests;
			packageProductDependencies = (
			);
			productName = AnchorMobileTests;
			productReference = 3F77C5012E0EC17200CC0D38 /* AnchorMobileTests.xctest */;
			productType = "com.apple.product-type.bundle.unit-test";
		};
		3F77C50A2E0EC17200CC0D38 /* AnchorMobileUITests */ = {
			isa = PBXNativeTarget;
			buildConfigurationList = 3F77C51B2E0EC17200CC0D38 /* Build configuration list for PBXNativeTarget "AnchorMobileUITests" */;
			buildPhases = (
				3F77C5072E0EC17200CC0D38 /* Sources */,
				3F77C5082E0EC17200CC0D38 /* Frameworks */,
				3F77C5092E0EC17200CC0D38 /* Resources */,
			);
			buildRules = (
			);
			dependencies = (
				3F77C50D2E0EC17200CC0D38 /* PBXTargetDependency */,
			);
			fileSystemSynchronizedGroups = (
				3F77C50E2E0EC17200CC0D38 /* AnchorMobileUITests */,
			);
			name = AnchorMobileUITests;
			packageProductDependencies = (
			);
			productName = AnchorMobileUITests;
			productReference = 3F77C50B2E0EC17200CC0D38 /* AnchorMobileUITests.xctest */;
			productType = "com.apple.product-type.bundle.ui-testing";
		};
/* End PBXNativeTarget section */

/* Begin PBXProject section */
		3F697D5E2DECDAF900AC7ACC /* Project object */ = {
			isa = PBXProject;
			attributes = {
				BuildIndependentTargetsInParallel = 1;
				LastSwiftUpdateCheck = 2600;
				LastUpgradeCheck = 1640;
				TargetAttributes = {
					3F77C4F22E0EC17000CC0D38 = {
						CreatedOnToolsVersion = 26.0;
					};
					3F77C5002E0EC17200CC0D38 = {
						CreatedOnToolsVersion = 26.0;
						TestTargetID = 3F77C4F22E0EC17000CC0D38;
					};
					3F77C50A2E0EC17200CC0D38 = {
						CreatedOnToolsVersion = 26.0;
						TestTargetID = 3F77C4F22E0EC17000CC0D38;
					};
				};
			};
			buildConfigurationList = 3F697D612DECDAF900AC7ACC /* Build configuration list for PBXProject "Anchor" */;
			developmentRegion = en;
			hasScannedForEncodings = 0;
			knownRegions = (
				en,
				Base,
			);
			mainGroup = 3F697D5D2DECDAF900AC7ACC;
			minimizedProjectReferenceProxies = 1;
			packageReferences = (
				3F510DF92E10291C00B12466 /* XCLocalSwiftPackageReference "AnchorKit" */,
			);
			preferredProjectObjectVersion = 77;
			productRefGroup = 3F697D672DECDAF900AC7ACC /* Products */;
			projectDirPath = "";
			projectRoot = "";
			targets = (
				3F77C4F22E0EC17000CC0D38 /* AnchorMobile */,
				3F77C5002E0EC17200CC0D38 /* AnchorMobileTests */,
				3F77C50A2E0EC17200CC0D38 /* AnchorMobileUITests */,
			);
		};
/* End PBXProject section */

/* Begin PBXResourcesBuildPhase section */
		3F77C4F12E0EC17000CC0D38 /* Resources */ = {
			isa = PBXResourcesBuildPhase;
			buildActionMask = 2147483647;
			files = (
			);
			runOnlyForDeploymentPostprocessing = 0;
		};
		3F77C4FF2E0EC17200CC0D38 /* Resources */ = {
			isa = PBXResourcesBuildPhase;
			buildActionMask = 2147483647;
			files = (
			);
			runOnlyForDeploymentPostprocessing = 0;
		};
		3F77C5092E0EC17200CC0D38 /* Resources */ = {
			isa = PBXResourcesBuildPhase;
			buildActionMask = 2147483647;
			files = (
			);
			runOnlyForDeploymentPostprocessing = 0;
		};
/* End PBXResourcesBuildPhase section */

/* Begin PBXSourcesBuildPhase section */
		3F77C4EF2E0EC17000CC0D38 /* Sources */ = {
			isa = PBXSourcesBuildPhase;
			buildActionMask = 2147483647;
			files = (
			);
			runOnlyForDeploymentPostprocessing = 0;
		};
		3F77C4FD2E0EC17200CC0D38 /* Sources */ = {
			isa = PBXSourcesBuildPhase;
			buildActionMask = 2147483647;
			files = (
			);
			runOnlyForDeploymentPostprocessing = 0;
		};
		3F77C5072E0EC17200CC0D38 /* Sources */ = {
			isa = PBXSourcesBuildPhase;
			buildActionMask = 2147483647;
			files = (
			);
			runOnlyForDeploymentPostprocessing = 0;
		};
/* End PBXSourcesBuildPhase section */

/* Begin PBXTargetDependency section */
		3F77C5032E0EC17200CC0D38 /* PBXTargetDependency */ = {
			isa = PBXTargetDependency;
			target = 3F77C4F22E0EC17000CC0D38 /* AnchorMobile */;
			targetProxy = 3F77C5022E0EC17200CC0D38 /* PBXContainerItemProxy */;
		};
		3F77C50D2E0EC17200CC0D38 /* PBXTargetDependency */ = {
			isa = PBXTargetDependency;
			target = 3F77C4F22E0EC17000CC0D38 /* AnchorMobile */;
			targetProxy = 3F77C50C2E0EC17200CC0D38 /* PBXContainerItemProxy */;
		};
/* End PBXTargetDependency section */

/* Begin XCBuildConfiguration section */
		3F697D882DECDAFA00AC7ACC /* Debug */ = {
			isa = XCBuildConfiguration;
			buildSettings = {
				ALLOW_TARGET_PLATFORM_SPECIALIZATION = YES;
				ALWAYS_SEARCH_USER_PATHS = NO;
				ASSETCATALOG_COMPILER_GENERATE_SWIFT_ASSET_SYMBOL_EXTENSIONS = YES;
				CLANG_ANALYZER_NONNULL = YES;
				CLANG_ANALYZER_NUMBER_OBJECT_CONVERSION = YES_AGGRESSIVE;
				CLANG_CXX_LANGUAGE_STANDARD = "gnu++20";
				CLANG_ENABLE_MODULES = YES;
				CLANG_ENABLE_OBJC_ARC = YES;
				CLANG_ENABLE_OBJC_WEAK = YES;
				CLANG_WARN_BLOCK_CAPTURE_AUTORELEASING = YES;
				CLANG_WARN_BOOL_CONVERSION = YES;
				CLANG_WARN_COMMA = YES;
				CLANG_WARN_CONSTANT_CONVERSION = YES;
				CLANG_WARN_DEPRECATED_OBJC_IMPLEMENTATIONS = YES;
				CLANG_WARN_DIRECT_OBJC_ISA_USAGE = YES_ERROR;
				CLANG_WARN_DOCUMENTATION_COMMENTS = YES;
				CLANG_WARN_EMPTY_BODY = YES;
				CLANG_WARN_ENUM_CONVERSION = YES;
				CLANG_WARN_INFINITE_RECURSION = YES;
				CLANG_WARN_INT_CONVERSION = YES;
				CLANG_WARN_NON_LITERAL_NULL_CONVERSION = YES;
				CLANG_WARN_OBJC_IMPLICIT_RETAIN_SELF = YES;
				CLANG_WARN_OBJC_LITERAL_CONVERSION = YES;
				CLANG_WARN_OBJC_ROOT_CLASS = YES_ERROR;
				CLANG_WARN_QUOTED_INCLUDE_IN_FRAMEWORK_HEADER = YES;
				CLANG_WARN_RANGE_LOOP_ANALYSIS = YES;
				CLANG_WARN_STRICT_PROTOTYPES = YES;
				CLANG_WARN_SUSPICIOUS_MOVE = YES;
				CLANG_WARN_UNGUARDED_AVAILABILITY = YES_AGGRESSIVE;
				CLANG_WARN_UNREACHABLE_CODE = YES;
				CLANG_WARN__DUPLICATE_METHOD_MATCH = YES;
				COPY_PHASE_STRIP = NO;
				DEBUG_INFORMATION_FORMAT = dwarf;
				DEVELOPMENT_TEAM = 9Z77B473HX;
				ENABLE_STRICT_OBJC_MSGSEND = YES;
				ENABLE_TESTABILITY = YES;
				ENABLE_USER_SCRIPT_SANDBOXING = YES;
				GCC_C_LANGUAGE_STANDARD = gnu17;
				GCC_DYNAMIC_NO_PIC = NO;
				GCC_NO_COMMON_BLOCKS = YES;
				GCC_OPTIMIZATION_LEVEL = 0;
				GCC_PREPROCESSOR_DEFINITIONS = (
					"DEBUG=1",
					"$(inherited)",
				);
				GCC_WARN_64_TO_32_BIT_CONVERSION = YES;
				GCC_WARN_ABOUT_RETURN_TYPE = YES_ERROR;
				GCC_WARN_UNDECLARED_SELECTOR = YES;
				GCC_WARN_UNINITIALIZED_AUTOS = YES_AGGRESSIVE;
				GCC_WARN_UNUSED_FUNCTION = YES;
				GCC_WARN_UNUSED_VARIABLE = YES;
				LOCALIZATION_PREFERS_STRING_CATALOGS = YES;
				MACOSX_DEPLOYMENT_TARGET = 14.0;
				MTL_ENABLE_DEBUG_INFO = INCLUDE_SOURCE;
				MTL_FAST_MATH = YES;
				ONLY_ACTIVE_ARCH = YES;
				SDKROOT = macosx;
				SUPPORTED_PLATFORMS = "xrsimulator xros watchsimulator watchos macosx iphonesimulator iphoneos driverkit appletvsimulator appletvos";
				SUPPORTS_MACCATALYST = YES;
				SWIFT_ACTIVE_COMPILATION_CONDITIONS = "DEBUG $(inherited)";
				SWIFT_OPTIMIZATION_LEVEL = "-Onone";
			};
			name = Debug;
		};
		3F697D892DECDAFA00AC7ACC /* Release */ = {
			isa = XCBuildConfiguration;
			buildSettings = {
				ALLOW_TARGET_PLATFORM_SPECIALIZATION = YES;
				ALWAYS_SEARCH_USER_PATHS = NO;
				ASSETCATALOG_COMPILER_GENERATE_SWIFT_ASSET_SYMBOL_EXTENSIONS = YES;
				CLANG_ANALYZER_NONNULL = YES;
				CLANG_ANALYZER_NUMBER_OBJECT_CONVERSION = YES_AGGRESSIVE;
				CLANG_CXX_LANGUAGE_STANDARD = "gnu++20";
				CLANG_ENABLE_MODULES = YES;
				CLANG_ENABLE_OBJC_ARC = YES;
				CLANG_ENABLE_OBJC_WEAK = YES;
				CLANG_WARN_BLOCK_CAPTURE_AUTORELEASING = YES;
				CLANG_WARN_BOOL_CONVERSION = YES;
				CLANG_WARN_COMMA = YES;
				CLANG_WARN_CONSTANT_CONVERSION = YES;
				CLANG_WARN_DEPRECATED_OBJC_IMPLEMENTATIONS = YES;
				CLANG_WARN_DIRECT_OBJC_ISA_USAGE = YES_ERROR;
				CLANG_WARN_DOCUMENTATION_COMMENTS = YES;
				CLANG_WARN_EMPTY_BODY = YES;
				CLANG_WARN_ENUM_CONVERSION = YES;
				CLANG_WARN_INFINITE_RECURSION = YES;
				CLANG_WARN_INT_CONVERSION = YES;
				CLANG_WARN_NON_LITERAL_NULL_CONVERSION = YES;
				CLANG_WARN_OBJC_IMPLICIT_RETAIN_SELF = YES;
				CLANG_WARN_OBJC_LITERAL_CONVERSION = YES;
				CLANG_WARN_OBJC_ROOT_CLASS = YES_ERROR;
				CLANG_WARN_QUOTED_INCLUDE_IN_FRAMEWORK_HEADER = YES;
				CLANG_WARN_RANGE_LOOP_ANALYSIS = YES;
				CLANG_WARN_STRICT_PROTOTYPES = YES;
				CLANG_WARN_SUSPICIOUS_MOVE = YES;
				CLANG_WARN_UNGUARDED_AVAILABILITY = YES_AGGRESSIVE;
				CLANG_WARN_UNREACHABLE_CODE = YES;
				CLANG_WARN__DUPLICATE_METHOD_MATCH = YES;
				COPY_PHASE_STRIP = NO;
				DEBUG_INFORMATION_FORMAT = "dwarf-with-dsym";
				DEVELOPMENT_TEAM = 9Z77B473HX;
				ENABLE_NS_ASSERTIONS = NO;
				ENABLE_STRICT_OBJC_MSGSEND = YES;
				ENABLE_USER_SCRIPT_SANDBOXING = YES;
				GCC_C_LANGUAGE_STANDARD = gnu17;
				GCC_NO_COMMON_BLOCKS = YES;
				GCC_WARN_64_TO_32_BIT_CONVERSION = YES;
				GCC_WARN_ABOUT_RETURN_TYPE = YES_ERROR;
				GCC_WARN_UNDECLARED_SELECTOR = YES;
				GCC_WARN_UNINITIALIZED_AUTOS = YES_AGGRESSIVE;
				GCC_WARN_UNUSED_FUNCTION = YES;
				GCC_WARN_UNUSED_VARIABLE = YES;
				LOCALIZATION_PREFERS_STRING_CATALOGS = YES;
				MACOSX_DEPLOYMENT_TARGET = 14.0;
				MTL_ENABLE_DEBUG_INFO = NO;
				MTL_FAST_MATH = YES;
				SDKROOT = macosx;
				SUPPORTED_PLATFORMS = "xrsimulator xros watchsimulator watchos macosx iphonesimulator iphoneos driverkit appletvsimulator appletvos";
				SUPPORTS_MACCATALYST = YES;
				SWIFT_COMPILATION_MODE = wholemodule;
			};
			name = Release;
		};
		3F77C5132E0EC17200CC0D38 /* Debug */ = {
			isa = XCBuildConfiguration;
			buildSettings = {
				ASSETCATALOG_COMPILER_APPICON_NAME = AppIcon;
				ASSETCATALOG_COMPILER_GLOBAL_ACCENT_COLOR_NAME = AccentColor;
				CODE_SIGN_STYLE = Automatic;
				CURRENT_PROJECT_VERSION = 1;
				DEVELOPMENT_TEAM = 9Z77B473HX;
				ENABLE_PREVIEWS = YES;
				GENERATE_INFOPLIST_FILE = YES;
				INFOPLIST_KEY_LSApplicationCategoryType = "public.app-category.travel";
				INFOPLIST_KEY_NSLocationUsageDescription = "Anchor needs access to your location to find nearby places where you can check in.";
				INFOPLIST_KEY_NSLocationWhenInUseUsageDescription = "Anchor needs access to your location to find nearby places where you can check in.";
				INFOPLIST_KEY_UIApplicationSceneManifest_Generation = YES;
				INFOPLIST_KEY_UIApplicationSupportsIndirectInputEvents = YES;
				INFOPLIST_KEY_UILaunchScreen_Generation = YES;
				INFOPLIST_KEY_UISupportedInterfaceOrientations_iPad = "UIInterfaceOrientationPortrait UIInterfaceOrientationPortraitUpsideDown UIInterfaceOrientationLandscapeLeft UIInterfaceOrientationLandscapeRight";
				INFOPLIST_KEY_UISupportedInterfaceOrientations_iPhone = "UIInterfaceOrientationPortrait UIInterfaceOrientationLandscapeLeft UIInterfaceOrientationLandscapeRight";
				IPHONEOS_DEPLOYMENT_TARGET = 18.6;
				LD_RUNPATH_SEARCH_PATHS = (
					"$(inherited)",
					"@executable_path/Frameworks",
				);
				MARKETING_VERSION = 1.0;
				PRODUCT_BUNDLE_IDENTIFIER = org.tijs.AnchorMobile;
				PRODUCT_NAME = "$(TARGET_NAME)";
				SDKROOT = iphoneos;
				STRING_CATALOG_GENERATE_SYMBOLS = YES;
				SUPPORTED_PLATFORMS = "iphonesimulator iphoneos";
				SWIFT_DEFAULT_ACTOR_ISOLATION = MainActor;
				SWIFT_EMIT_LOC_STRINGS = YES;
				SWIFT_UPCOMING_FEATURE_MEMBER_IMPORT_VISIBILITY = YES;
				SWIFT_VERSION = 5.0;
				TARGETED_DEVICE_FAMILY = "1,2";
			};
			name = Debug;
		};
		3F77C5142E0EC17200CC0D38 /* Release */ = {
			isa = XCBuildConfiguration;
			buildSettings = {
				ASSETCATALOG_COMPILER_APPICON_NAME = AppIcon;
				ASSETCATALOG_COMPILER_GLOBAL_ACCENT_COLOR_NAME = AccentColor;
				CODE_SIGN_STYLE = Automatic;
				CURRENT_PROJECT_VERSION = 1;
				DEVELOPMENT_TEAM = 9Z77B473HX;
				ENABLE_PREVIEWS = YES;
				GENERATE_INFOPLIST_FILE = YES;
				INFOPLIST_KEY_LSApplicationCategoryType = "public.app-category.travel";
				INFOPLIST_KEY_NSLocationUsageDescription = "Anchor needs access to your location to find nearby places where you can check in.";
				INFOPLIST_KEY_NSLocationWhenInUseUsageDescription = "Anchor needs access to your location to find nearby places where you can check in.";
				INFOPLIST_KEY_UIApplicationSceneManifest_Generation = YES;
				INFOPLIST_KEY_UIApplicationSupportsIndirectInputEvents = YES;
				INFOPLIST_KEY_UILaunchScreen_Generation = YES;
				INFOPLIST_KEY_UISupportedInterfaceOrientations_iPad = "UIInterfaceOrientationPortrait UIInterfaceOrientationPortraitUpsideDown UIInterfaceOrientationLandscapeLeft UIInterfaceOrientationLandscapeRight";
				INFOPLIST_KEY_UISupportedInterfaceOrientations_iPhone = "UIInterfaceOrientationPortrait UIInterfaceOrientationLandscapeLeft UIInterfaceOrientationLandscapeRight";
				IPHONEOS_DEPLOYMENT_TARGET = 18.6;
				LD_RUNPATH_SEARCH_PATHS = (
					"$(inherited)",
					"@executable_path/Frameworks",
				);
				MARKETING_VERSION = 1.0;
				PRODUCT_BUNDLE_IDENTIFIER = org.tijs.AnchorMobile;
				PRODUCT_NAME = "$(TARGET_NAME)";
				SDKROOT = iphoneos;
				STRING_CATALOG_GENERATE_SYMBOLS = YES;
				SUPPORTED_PLATFORMS = "iphonesimulator iphoneos";
				SWIFT_DEFAULT_ACTOR_ISOLATION = MainActor;
				SWIFT_EMIT_LOC_STRINGS = YES;
				SWIFT_UPCOMING_FEATURE_MEMBER_IMPORT_VISIBILITY = YES;
				SWIFT_VERSION = 5.0;
				TARGETED_DEVICE_FAMILY = "1,2";
				VALIDATE_PRODUCT = YES;
			};
			name = Release;
		};
		3F77C5152E0EC17200CC0D38 /* Debug */ = {
			isa = XCBuildConfiguration;
			buildSettings = {
				ALLOW_TARGET_PLATFORM_SPECIALIZATION = YES;
				BUNDLE_LOADER = "$(TEST_HOST)";
				CODE_SIGN_STYLE = Automatic;
				CURRENT_PROJECT_VERSION = 1;
				DEVELOPMENT_TEAM = 9Z77B473HX;
				GENERATE_INFOPLIST_FILE = YES;
				IPHONEOS_DEPLOYMENT_TARGET = 18.6;
				MARKETING_VERSION = 1.0;
				PRODUCT_BUNDLE_IDENTIFIER = org.tijs.AnchorMobileTests;
				PRODUCT_NAME = "$(TARGET_NAME)";
				SDKROOT = iphoneos;
				STRING_CATALOG_GENERATE_SYMBOLS = NO;
				SUPPORTED_PLATFORMS = "xrsimulator xros watchsimulator watchos macosx iphonesimulator iphoneos driverkit appletvsimulator appletvos";
				SUPPORTS_MACCATALYST = YES;
				SWIFT_EMIT_LOC_STRINGS = NO;
				SWIFT_UPCOMING_FEATURE_MEMBER_IMPORT_VISIBILITY = YES;
				SWIFT_VERSION = 5.0;
				TARGETED_DEVICE_FAMILY = "1,2";
				TEST_HOST = "$(BUILT_PRODUCTS_DIR)/AnchorMobile.app/$(BUNDLE_EXECUTABLE_FOLDER_PATH)/AnchorMobile";
			};
			name = Debug;
		};
		3F77C5162E0EC17200CC0D38 /* Release */ = {
			isa = XCBuildConfiguration;
			buildSettings = {
				ALLOW_TARGET_PLATFORM_SPECIALIZATION = YES;
				BUNDLE_LOADER = "$(TEST_HOST)";
				CODE_SIGN_STYLE = Automatic;
				CURRENT_PROJECT_VERSION = 1;
				DEVELOPMENT_TEAM = 9Z77B473HX;
				GENERATE_INFOPLIST_FILE = YES;
				IPHONEOS_DEPLOYMENT_TARGET = 18.6;
				MARKETING_VERSION = 1.0;
				PRODUCT_BUNDLE_IDENTIFIER = org.tijs.AnchorMobileTests;
				PRODUCT_NAME = "$(TARGET_NAME)";
				SDKROOT = iphoneos;
				STRING_CATALOG_GENERATE_SYMBOLS = NO;
				SUPPORTED_PLATFORMS = "xrsimulator xros watchsimulator watchos macosx iphonesimulator iphoneos driverkit appletvsimulator appletvos";
				SUPPORTS_MACCATALYST = YES;
				SWIFT_EMIT_LOC_STRINGS = NO;
				SWIFT_UPCOMING_FEATURE_MEMBER_IMPORT_VISIBILITY = YES;
				SWIFT_VERSION = 5.0;
				TARGETED_DEVICE_FAMILY = "1,2";
				TEST_HOST = "$(BUILT_PRODUCTS_DIR)/AnchorMobile.app/$(BUNDLE_EXECUTABLE_FOLDER_PATH)/AnchorMobile";
				VALIDATE_PRODUCT = YES;
			};
			name = Release;
		};
		3F77C5172E0EC17200CC0D38 /* Debug */ = {
			isa = XCBuildConfiguration;
			buildSettings = {
				CODE_SIGN_STYLE = Automatic;
				CURRENT_PROJECT_VERSION = 1;
				DEVELOPMENT_TEAM = 9Z77B473HX;
				GENERATE_INFOPLIST_FILE = YES;
				IPHONEOS_DEPLOYMENT_TARGET = 18.6;
				MARKETING_VERSION = 1.0;
				PRODUCT_BUNDLE_IDENTIFIER = org.tijs.AnchorMobileUITests;
				PRODUCT_NAME = "$(TARGET_NAME)";
				SDKROOT = iphoneos;
				STRING_CATALOG_GENERATE_SYMBOLS = NO;
				SUPPORTED_PLATFORMS = "iphonesimulator iphoneos";
				SWIFT_EMIT_LOC_STRINGS = NO;
				SWIFT_UPCOMING_FEATURE_MEMBER_IMPORT_VISIBILITY = YES;
				SWIFT_VERSION = 5.0;
				TARGETED_DEVICE_FAMILY = "1,2";
				TEST_TARGET_NAME = AnchorMobile;
			};
			name = Debug;
		};
		3F77C5182E0EC17200CC0D38 /* Release */ = {
			isa = XCBuildConfiguration;
			buildSettings = {
				CODE_SIGN_STYLE = Automatic;
				CURRENT_PROJECT_VERSION = 1;
				DEVELOPMENT_TEAM = 9Z77B473HX;
				GENERATE_INFOPLIST_FILE = YES;
				IPHONEOS_DEPLOYMENT_TARGET = 18.6;
				MARKETING_VERSION = 1.0;
				PRODUCT_BUNDLE_IDENTIFIER = org.tijs.AnchorMobileUITests;
				PRODUCT_NAME = "$(TARGET_NAME)";
				SDKROOT = iphoneos;
				STRING_CATALOG_GENERATE_SYMBOLS = NO;
				SUPPORTED_PLATFORMS = "iphonesimulator iphoneos";
				SWIFT_EMIT_LOC_STRINGS = NO;
				SWIFT_UPCOMING_FEATURE_MEMBER_IMPORT_VISIBILITY = YES;
				SWIFT_VERSION = 5.0;
				TARGETED_DEVICE_FAMILY = "1,2";
				TEST_TARGET_NAME = AnchorMobile;
				VALIDATE_PRODUCT = YES;
			};
			name = Release;
		};
/* End XCBuildConfiguration section */

/* Begin XCConfigurationList section */
		3F697D612DECDAF900AC7ACC /* Build configuration list for PBXProject "Anchor" */ = {
			isa = XCConfigurationList;
			buildConfigurations = (
				3F697D882DECDAFA00AC7ACC /* Debug */,
				3F697D892DECDAFA00AC7ACC /* Release */,
			);
			defaultConfigurationIsVisible = 0;
			defaultConfigurationName = Release;
		};
		3F77C5192E0EC17200CC0D38 /* Build configuration list for PBXNativeTarget "AnchorMobile" */ = {
			isa = XCConfigurationList;
			buildConfigurations = (
				3F77C5132E0EC17200CC0D38 /* Debug */,
				3F77C5142E0EC17200CC0D38 /* Release */,
			);
			defaultConfigurationIsVisible = 0;
			defaultConfigurationName = Release;
		};
		3F77C51A2E0EC17200CC0D38 /* Build configuration list for PBXNativeTarget "AnchorMobileTests" */ = {
			isa = XCConfigurationList;
			buildConfigurations = (
				3F77C5152E0EC17200CC0D38 /* Debug */,
				3F77C5162E0EC17200CC0D38 /* Release */,
			);
			defaultConfigurationIsVisible = 0;
			defaultConfigurationName = Release;
		};
		3F77C51B2E0EC17200CC0D38 /* Build configuration list for PBXNativeTarget "AnchorMobileUITests" */ = {
			isa = XCConfigurationList;
			buildConfigurations = (
				3F77C5172E0EC17200CC0D38 /* Debug */,
				3F77C5182E0EC17200CC0D38 /* Release */,
			);
			defaultConfigurationIsVisible = 0;
			defaultConfigurationName = Release;
		};
/* End XCConfigurationList section */

/* Begin XCLocalSwiftPackageReference section */
		3F510DF92E10291C00B12466 /* XCLocalSwiftPackageReference "AnchorKit" */ = {
			isa = XCLocalSwiftPackageReference;
			relativePath = AnchorKit;
		};
/* End XCLocalSwiftPackageReference section */

/* Begin XCSwiftPackageProductDependency section */
		3F510DFF2E10294A00B12466 /* AnchorKit */ = {
			isa = XCSwiftPackageProductDependency;
			package = 3F510DF92E10291C00B12466 /* XCLocalSwiftPackageReference "AnchorKit" */;
			productName = AnchorKit;
		};
/* End XCSwiftPackageProductDependency section */
	};
	rootObject = 3F697D5E2DECDAF900AC7ACC /* Project object */;
}
